
Microsoft Visual Studio Solution File, Format Version 12.00
# Visual Studio Express 2012 for Web
Project("{FAE04EC0-301F-11D3-BF4B-00C04F79EFBC}") = "Scheduler", "Scheduler\Scheduler.csproj", "{A35C357B-08D5-4998-A17E-F9249A686A90}"
EndProject
Project("{FAE04EC0-301F-11D3-BF4B-00C04F79EFBC}") = "SchedulerModels", "SchedulerModels\SchedulerModels.csproj", "{49D638AC-4203-49C0-B647-A8E6EEDDF1B5}"
EndProject
Project("{FAE04EC0-301F-11D3-BF4B-00C04F79EFBC}") = "SchedulerDAL", "SchedulerDAL\SchedulerDAL.csproj", "{D9A9C0CD-59F6-45D4-B538-27A377A650C1}"
EndProject
Global
	GlobalSection(SolutionConfigurationPlatforms) = preSolution
		Debug|Any CPU = Debug|Any CPU
		Release|Any CPU = Release|Any CPU
	EndGlobalSection
	GlobalSection(ProjectConfigurationPlatforms) = postSolution
		{A35C357B-08D5-4998-A17E-F9249A686A90}.Debug|Any CPU.ActiveCfg = Debug|Any CPU
		{A35C357B-08D5-4998-A17E-F9249A686A90}.Debug|Any CPU.Build.0 = Debug|Any CPU
		{A35C357B-08D5-4998-A17E-F9249A686A90}.Release|Any CPU.ActiveCfg = Release|Any CPU
		{A35C357B-08D5-4998-A17E-F9249A686A90}.Release|Any CPU.Build.0 = Release|Any CPU
		{49D638AC-4203-49C0-B647-A8E6EEDDF1B5}.Debug|Any CPU.ActiveCfg = Debug|Any CPU
		{49D638AC-4203-49C0-B647-A8E6EEDDF1B5}.Debug|Any CPU.Build.0 = Debug|Any CPU
		{49D638AC-4203-49C0-B647-A8E6EEDDF1B5}.Release|Any CPU.ActiveCfg = Release|Any CPU
		{49D638AC-4203-49C0-B647-A8E6EEDDF1B5}.Release|Any CPU.Build.0 = Release|Any CPU
		{D9A9C0CD-59F6-45D4-B538-27A377A650C1}.Debug|Any CPU.ActiveCfg = Debug|Any CPU
		{D9A9C0CD-59F6-45D4-B538-27A377A650C1}.Debug|Any CPU.Build.0 = Debug|Any CPU
		{D9A9C0CD-59F6-45D4-B538-27A377A650C1}.Release|Any CPU.ActiveCfg = Release|Any CPU
		{D9A9C0CD-59F6-45D4-B538-27A377A650C1}.Release|Any CPU.Build.0 = Release|Any CPU
	EndGlobalSection
	GlobalSection(SolutionProperties) = preSolution
		HideSolutionNode = FALSE
	EndGlobalSection
EndGlobal
